
Microsoft Visual Studio Solution File, Format Version 12.00
# Visual Studio Version 16
VisualStudioVersion = 16.0.28803.352
MinimumVisualStudioVersion = 10.0.40219.1
Project("{FAE04EC0-301F-11D3-BF4B-00C04F79EFBC}") = "ANVI_Mvc", "ANVI_Mvc\ANVI_Mvc.csproj", "{AFEFD3D9-5B04-48CA-BF32-EAA6CA124E3B}"
EndProject
Global
	GlobalSection(SolutionConfigurationPlatforms) = preSolution
		Debug|Any CPU = Debug|Any CPU
		Release|Any CPU = Release|Any CPU
	EndGlobalSection
	GlobalSection(ProjectConfigurationPlatforms) = postSolution
		{AFEFD3D9-5B04-48CA-BF32-EAA6CA124E3B}.Debug|Any CPU.ActiveCfg = Debug|Any CPU
		{AFEFD3D9-5B04-48CA-BF32-EAA6CA124E3B}.Debug|Any CPU.Build.0 = Debug|Any CPU
		{AFEFD3D9-5B04-48CA-BF32-EAA6CA124E3B}.Release|Any CPU.ActiveCfg = Release|Any CPU
		{AFEFD3D9-5B04-48CA-BF32-EAA6CA124E3B}.Release|Any CPU.Build.0 = Release|Any CPU
	EndGlobalSection
	GlobalSection(SolutionProperties) = preSolution
		HideSolutionNode = FALSE
	EndGlobalSection
	GlobalSection(ExtensibilityGlobals) = postSolution
		SolutionGuid = {27FE600E-8F06-4372-8CA8-5EA560931B47}
	EndGlobalSection
EndGlobal
